<?xml version="1.0" encoding="utf-8"?>
<Project ToolsVersion="4.0" xmlns="http://schemas.microsoft.com/developer/msbuild/2003">
  <ItemGroup>
    <Filter Include="Source Files">
      <UniqueIdentifier>{4FC737F1-C7A5-4376-A066-2A32D752A2FF}</UniqueIdentifier>
      <Extensions>cpp;c;cc;cxx;def;odl;idl;hpj;bat;asm;asmx</Extensions>
    </Filter>
    <Filter Include="Header Files">
      <UniqueIdentifier>{93995380-89BD-4b04-88EB-625FBE52EBFB}</UniqueIdentifier>
      <Extensions>h;hh;hpp;hxx;hm;inl;inc;xsd</Extensions>
    </Filter>
    <Filter Include="Resource Files">
      <UniqueIdentifier>{67DA6AB6-F800-4c08-8B7A-83BB121AAD01}</UniqueIdentifier>
      <Extensions>rc;ico;cur;bmp;dlg;rc2;rct;bin;rgs;gif;jpg;jpeg;jpe;resx;tiff;tif;png;wav;mfcribbon-ms</Extensions>
    </Filter>
  </ItemGroup>
  <ItemGroup>
    <ClCompile Include="utilities.cpp">
      <Filter>Source Files</Filter>
    </ClCompile>
    <ClCompile Include="world.cpp">
      <Filter>Source Files</Filter>
    </ClCompile>
    <ClCompile Include="character.cpp">
      <Filter>Source Files</Filter>
    </ClCompile>
    <ClCompile Include="constants.cpp">
      <Filter>Source Files</Filter>
    </ClCompile>
    <ClCompile Include="craft.cpp">
      <Filter>Source Files</Filter>
    </ClCompile>
    <ClCompile Include="door.cpp">
      <Filter>Source Files</Filter>
    </ClCompile>
    <ClCompile Include="game.cpp">
      <Filter>Source Files</Filter>
    </ClCompile>
    <ClCompile Include="generator.cpp">
      <Filter>Source Files</Filter>
    </ClCompile>
    <ClCompile Include="main.cpp">
      <Filter>Source Files</Filter>
    </ClCompile>
    <ClCompile Include="parse.cpp">
      <Filter>Source Files</Filter>
    </ClCompile>
    <ClCompile Include="player_character.cpp">
      <Filter>Source Files</Filter>
    </ClCompile>
    <ClCompile Include="recipes.cpp">
      <Filter>Source Files</Filter>
    </ClCompile>
    <ClCompile Include="room.cpp">
      <Filter>Source Files</Filter>
    </ClCompile>
    <ClCompile Include="room_side.cpp">
      <Filter>Source Files</Filter>
    </ClCompile>
    <ClCompile Include="message.cpp">
      <Filter>Source Files</Filter>
    </ClCompile>
    <ClCompile Include="item.cpp">
      <Filter>Source Files</Filter>
    </ClCompile>
    <ClCompile Include="item\container.cpp">
      <Filter>Source Files</Filter>
    </ClCompile>
    <ClCompile Include="item\bloomery.cpp">
      <Filter>Source Files</Filter>
    </ClCompile>
    <ClCompile Include="item\chest.cpp">
      <Filter>Source Files</Filter>
    </ClCompile>
    <ClCompile Include="Item\table.cpp">
      <Filter>Source Files</Filter>
    </ClCompile>
    <ClCompile Include="NPC\npc_enemy_bodyguard.cpp">
      <Filter>Source Files</Filter>
    </ClCompile>
    <ClCompile Include="NPC\npc_enemy_fighter.cpp">
      <Filter>Source Files</Filter>
    </ClCompile>
    <ClCompile Include="NPC\npc_enemy_worker.cpp">
      <Filter>Source Files</Filter>
    </ClCompile>
    <ClCompile Include="NPC\npc_enemy.cpp">
      <Filter>Source Files</Filter>
    </ClCompile>
    <ClCompile Include="NPC\non_player_character.cpp">
      <Filter>Source Files</Filter>
    </ClCompile>
    <ClCompile Include="NPC\npc_enemy_corporal.cpp">
      <Filter>Source Files</Filter>
    </ClCompile>
    <ClCompile Include="XML\pugixml.cpp">
      <Filter>Source Files</Filter>
    </ClCompile>
    <ClCompile Include="Item\equipment.cpp">
      <Filter>Source Files</Filter>
    </ClCompile>
    <ClCompile Include="NPC\npc_neutral.cpp">
      <Filter>Source Files</Filter>
    </ClCompile>
    <ClCompile Include="Threadsafe\threadsafe_socket_lookup.cpp">
      <Filter>Source Files</Filter>
    </ClCompile>
  </ItemGroup>
  <ItemGroup>
    <ClInclude Include="player_character.h">
      <Filter>Header Files</Filter>
    </ClInclude>
    <ClInclude Include="recipe.h">
      <Filter>Header Files</Filter>
    </ClInclude>
    <ClInclude Include="recipes.h">
      <Filter>Header Files</Filter>
    </ClInclude>
    <ClInclude Include="resource.h">
      <Filter>Header Files</Filter>
    </ClInclude>
    <ClInclude Include="room.h">
      <Filter>Header Files</Filter>
    </ClInclude>
    <ClInclude Include="room_side.h">
      <Filter>Header Files</Filter>
    </ClInclude>
    <ClInclude Include="utilities.h">
      <Filter>Header Files</Filter>
    </ClInclude>
    <ClInclude Include="world.h">
      <Filter>Header Files</Filter>
    </ClInclude>
    <ClInclude Include="character.h">
      <Filter>Header Files</Filter>
    </ClInclude>
    <ClInclude Include="constants.h">
      <Filter>Header Files</Filter>
    </ClInclude>
    <ClInclude Include="craft.h">
      <Filter>Header Files</Filter>
    </ClInclude>
    <ClInclude Include="door.h">
      <Filter>Header Files</Filter>
    </ClInclude>
    <ClInclude Include="game.h">
      <Filter>Header Files</Filter>
    </ClInclude>
    <ClInclude Include="generator.h">
      <Filter>Header Files</Filter>
    </ClInclude>
    <ClInclude Include="parse.h">
      <Filter>Header Files</Filter>
    </ClInclude>
    <ClInclude Include="message.h">
      <Filter>Header Files</Filter>
    </ClInclude>
    <ClInclude Include="Item\item.h">
      <Filter>Header Files</Filter>
    </ClInclude>
    <ClInclude Include="item.h">
      <Filter>Header Files</Filter>
    </ClInclude>
    <ClInclude Include="item\misc.h">
      <Filter>Header Files</Filter>
    </ClInclude>
    <ClInclude Include="item\stackable.h">
      <Filter>Header Files</Filter>
    </ClInclude>
    <ClInclude Include="item\container.h">
      <Filter>Header Files</Filter>
    </ClInclude>
    <ClInclude Include="item\bloomery.h">
      <Filter>Header Files</Filter>
    </ClInclude>
    <ClInclude Include="item\chest.h">
      <Filter>Header Files</Filter>
    </ClInclude>
    <ClInclude Include="item\equipment.h">
      <Filter>Header Files</Filter>
    </ClInclude>
    <ClInclude Include="Item\table.h">
      <Filter>Header Files</Filter>
    </ClInclude>
    <ClInclude Include="NPC\npc_enemy_bodyguard.h">
      <Filter>Header Files</Filter>
    </ClInclude>
    <ClInclude Include="NPC\npc_enemy_fighter.h">
      <Filter>Header Files</Filter>
    </ClInclude>
    <ClInclude Include="NPC\npc_enemy_worker.h">
      <Filter>Header Files</Filter>
    </ClInclude>
    <ClInclude Include="NPC\npc_enemy.h">
      <Filter>Header Files</Filter>
    </ClInclude>
    <ClInclude Include="NPC\non_player_character.h">
      <Filter>Header Files</Filter>
    </ClInclude>
    <ClInclude Include="npc.h">
      <Filter>Header Files</Filter>
    </ClInclude>
    <ClInclude Include="NPC\npc_enemy_corporal.h">
      <Filter>Header Files</Filter>
    </ClInclude>
    <ClInclude Include="XML\pugixml.hpp">
      <Filter>Header Files</Filter>
    </ClInclude>
    <ClInclude Include="XML\pugiconfig.hpp">
      <Filter>Header Files</Filter>
    </ClInclude>
    <ClInclude Include="NPC\npc_neutral.h">
      <Filter>Header Files</Filter>
    </ClInclude>
    <ClInclude Include="Network\socket.h">
      <Filter>Header Files</Filter>
    </ClInclude>
    <ClInclude Include="Threadsafe\threadsafe_socket_lookup.h">
      <Filter>Header Files</Filter>
    </ClInclude>
    <ClInclude Include="Threadsafe\threadsafe_queue.h">
      <Filter>Header Files</Filter>
    </ClInclude>
  </ItemGroup>
  <ItemGroup>
    <None Include="Class Diagram.cd">
      <Filter>Resource Files</Filter>
    </None>
  </ItemGroup>
  <ItemGroup>
    <Text Include="notes.txt">
      <Filter>Resource Files</Filter>
    </Text>
  </ItemGroup>
</Project>